
Microsoft Visual Studio Solution File, Format Version 12.00
# Visual Studio Version 17
VisualStudioVersion = 17.3.32825.248
MinimumVisualStudioVersion = 10.0.40219.1
Project("{8BC9CEB8-8B4A-11D0-8D11-00A0C91BC942}") = "vved_lab9", "vved_lab9\vved_lab9.vcxproj", "{B7812ABE-C30B-4B53-848F-AF412A76960A}"
EndProject
Project("{8BC9CEB8-8B4A-11D0-8D11-00A0C91BC942}") = "unit-test-project", "unit-test-project\unit-test-project.vcxproj", "{C2C54489-BF12-47F7-A58D-910D86FB8D39}"
EndProject
Global
	GlobalSection(SolutionConfigurationPlatforms) = preSolution
		Debug|x64 = Debug|x64
		Debug|x86 = Debug|x86
		Release|x64 = Release|x64
		Release|x86 = Release|x86
	EndGlobalSection
	GlobalSection(ProjectConfigurationPlatforms) = postSolution
		{B7812ABE-C30B-4B53-848F-AF412A76960A}.Debug|x64.ActiveCfg = Debug|x64
		{B7812ABE-C30B-4B53-848F-AF412A76960A}.Debug|x64.Build.0 = Debug|x64
		{B7812ABE-C30B-4B53-848F-AF412A76960A}.Debug|x86.ActiveCfg = Debug|Win32
		{B7812ABE-C30B-4B53-848F-AF412A76960A}.Debug|x86.Build.0 = Debug|Win32
		{B7812ABE-C30B-4B53-848F-AF412A76960A}.Release|x64.ActiveCfg = Release|x64
		{B7812ABE-C30B-4B53-848F-AF412A76960A}.Release|x64.Build.0 = Release|x64
		{B7812ABE-C30B-4B53-848F-AF412A76960A}.Release|x86.ActiveCfg = Release|Win32
		{B7812ABE-C30B-4B53-848F-AF412A76960A}.Release|x86.Build.0 = Release|Win32
		{C2C54489-BF12-47F7-A58D-910D86FB8D39}.Debug|x64.ActiveCfg = Debug|x64
		{C2C54489-BF12-47F7-A58D-910D86FB8D39}.Debug|x64.Build.0 = Debug|x64
		{C2C54489-BF12-47F7-A58D-910D86FB8D39}.Debug|x86.ActiveCfg = Debug|Win32
		{C2C54489-BF12-47F7-A58D-910D86FB8D39}.Debug|x86.Build.0 = Debug|Win32
		{C2C54489-BF12-47F7-A58D-910D86FB8D39}.Release|x64.ActiveCfg = Release|x64
		{C2C54489-BF12-47F7-A58D-910D86FB8D39}.Release|x64.Build.0 = Release|x64
		{C2C54489-BF12-47F7-A58D-910D86FB8D39}.Release|x86.ActiveCfg = Release|Win32
		{C2C54489-BF12-47F7-A58D-910D86FB8D39}.Release|x86.Build.0 = Release|Win32
	EndGlobalSection
	GlobalSection(SolutionProperties) = preSolution
		HideSolutionNode = FALSE
	EndGlobalSection
	GlobalSection(ExtensibilityGlobals) = postSolution
		SolutionGuid = {3F771C5E-C105-4A01-80B3-C3B196A5BBF9}
	EndGlobalSection
EndGlobal
